{
  "requires": true,
  "lockfileVersion": 1,
  "dependencies": {
    "foundation-sites": {
      "version": "6.7.4",
      "resolved": "https://registry.npmjs.org/foundation-sites/-/foundation-sites-6.7.4.tgz",
      "integrity": "sha512-2QPaZJ0Od0DyklhQyKC3zPbr8AAUXSkr1scZJrQTgj/KTLresuCgUBfi7ft32NlOWhuqVXisjOgTE8N5EPS3cg=="
    }
  }
}
