version = 1
revision = 3
requires-python = ">=3.14"

[[package]]
name = "brotli"
version = "1.2.0"
source = { registry = "https://pypi.org/simple" }
sdist = { url = "https://files.pythonhosted.org/packages/f7/16/c92ca344d646e71a43b8bb353f0a6490d7f6e06210f8554c8f874e454285/brotli-1.2.0.tar.gz", hash = "sha256:e310f77e41941c13340a95976fe66a8a95b01e783d430eeaf7a2f87e0a57dd0a", size = 7388632, upload-time = "2025-11-05T18:39:42.86Z" }
wheels = [
    { url = "https://files.pythonhosted.org/packages/17/e1/298c2ddf786bb7347a1cd71d63a347a79e5712a7c0cba9e3c3458ebd976f/brotli-1.2.0-cp314-cp314-macosx_10_15_universal2.whl", hash = "sha256:6c12dad5cd04530323e723787ff762bac749a7b256a5bece32b2243dd5c27b21", size = 863080, upload-time = "2025-11-05T18:38:45.503Z" },
    { url = "https://files.pythonhosted.org/packages/84/0c/aac98e286ba66868b2b3b50338ffbd85a35c7122e9531a73a37a29763d38/brotli-1.2.0-cp314-cp314-macosx_10_15_x86_64.whl", hash = "sha256:3219bd9e69868e57183316ee19c84e03e8f8b5a1d1f2667e1aa8c2f91cb061ac", size = 445453, upload-time = "2025-11-05T18:38:46.433Z" },
    { url = "https://files.pythonhosted.org/packages/ec/f1/0ca1f3f99ae300372635ab3fe2f7a79fa335fee3d874fa7f9e68575e0e62/brotli-1.2.0-cp314-cp314-manylinux2014_aarch64.manylinux_2_17_aarch64.manylinux_2_28_aarch64.whl", hash = "sha256:963a08f3bebd8b75ac57661045402da15991468a621f014be54e50f53a58d19e", size = 1528168, upload-time = "2025-11-05T18:38:47.371Z" },
    { url = "https://files.pythonhosted.org/packages/d6/a6/2ebfc8f766d46df8d3e65b880a2e220732395e6d7dc312c1e1244b0f074a/brotli-1.2.0-cp314-cp314-manylinux2014_ppc64le.manylinux_2_17_ppc64le.manylinux_2_28_ppc64le.whl", hash = "sha256:9322b9f8656782414b37e6af884146869d46ab85158201d82bab9abbcb971dc7", size = 1627098, upload-time = "2025-11-05T18:38:48.385Z" },
    { url = "https://files.pythonhosted.org/packages/f3/2f/0976d5b097ff8a22163b10617f76b2557f15f0f39d6a0fe1f02b1a53e92b/brotli-1.2.0-cp314-cp314-manylinux2014_x86_64.manylinux_2_17_x86_64.whl", hash = "sha256:cf9cba6f5b78a2071ec6fb1e7bd39acf35071d90a81231d67e92d637776a6a63", size = 1419861, upload-time = "2025-11-05T18:38:49.372Z" },
    { url = "https://files.pythonhosted.org/packages/9c/97/d76df7176a2ce7616ff94c1fb72d307c9a30d2189fe877f3dd99af00ea5a/brotli-1.2.0-cp314-cp314-musllinux_1_2_aarch64.whl", hash = "sha256:7547369c4392b47d30a3467fe8c3330b4f2e0f7730e45e3103d7d636678a808b", size = 1484594, upload-time = "2025-11-05T18:38:50.655Z" },
    { url = "https://files.pythonhosted.org/packages/d3/93/14cf0b1216f43df5609f5b272050b0abd219e0b54ea80b47cef9867b45e7/brotli-1.2.0-cp314-cp314-musllinux_1_2_ppc64le.whl", hash = "sha256:fc1530af5c3c275b8524f2e24841cbe2599d74462455e9bae5109e9ff42e9361", size = 1593455, upload-time = "2025-11-05T18:38:51.624Z" },
    { url = "https://files.pythonhosted.org/packages/b3/73/3183c9e41ca755713bdf2cc1d0810df742c09484e2e1ddd693bee53877c1/brotli-1.2.0-cp314-cp314-musllinux_1_2_x86_64.whl", hash = "sha256:d2d085ded05278d1c7f65560aae97b3160aeb2ea2c0b3e26204856beccb60888", size = 1488164, upload-time = "2025-11-05T18:38:53.079Z" },
    { url = "https://files.pythonhosted.org/packages/64/6a/0c78d8f3a582859236482fd9fa86a65a60328a00983006bcf6d83b7b2253/brotli-1.2.0-cp314-cp314-win32.whl", hash = "sha256:832c115a020e463c2f67664560449a7bea26b0c1fdd690352addad6d0a08714d", size = 339280, upload-time = "2025-11-05T18:38:54.02Z" },
    { url = "https://files.pythonhosted.org/packages/f5/10/56978295c14794b2c12007b07f3e41ba26acda9257457d7085b0bb3bb90c/brotli-1.2.0-cp314-cp314-win_amd64.whl", hash = "sha256:e7c0af964e0b4e3412a0ebf341ea26ec767fa0b4cf81abb5e897c9338b5ad6a3", size = 375639, upload-time = "2025-11-05T18:38:55.67Z" },
]

[[package]]
name = "colorama"
version = "0.4.6"
source = { registry = "https://pypi.org/simple" }
sdist = { url = "https://files.pythonhosted.org/packages/d8/53/6f443c9a4a8358a93a6792e2acffb9d9d5cb0a5cfd8802644b7b1c9a02e4/colorama-0.4.6.tar.gz", hash = "sha256:08695f5cb7ed6e0531a20572697297273c47b8cae5a63ffc6d6ed5c201be6e44", size = 27697, upload-time = "2022-10-25T02:36:22.414Z" }
wheels = [
    { url = "https://files.pythonhosted.org/packages/d1/d6/3965ed04c63042e047cb6a3e6ed1a63a35087b6a609aa3a15ed8ac56c221/colorama-0.4.6-py2.py3-none-any.whl", hash = "sha256:4f1d9991f5acc0ca119f9d443620b77f9d6b33703e51011c16baf57afb285fc6", size = 25335, upload-time = "2022-10-25T02:36:20.889Z" },
]

[[package]]
name = "dredge"
version = "0.1.0"
source = { editable = "." }
dependencies = [
    { name = "brotli" },
    { name = "rich" },
    { name = "selectolax" },
]

[package.dev-dependencies]
dev = [
    { name = "pytest" },
]

[package.metadata]
requires-dist = [
    { name = "brotli", specifier = ">=1.1.0" },
    { name = "rich", specifier = ">=13.7.0" },
    { name = "selectolax", specifier = ">=0.4.3" },
]

[package.metadata.requires-dev]
dev = [{ name = "pytest", specifier = ">=8.2.0" }]

[[package]]
name = "iniconfig"
version = "2.3.0"
source = { registry = "https://pypi.org/simple" }
sdist = { url = "https://files.pythonhosted.org/packages/72/34/14ca021ce8e5dfedc35312d08ba8bf51fdd999c576889fc2c24cb97f4f10/iniconfig-2.3.0.tar.gz", hash = "sha256:c76315c77db068650d49c5b56314774a7804df16fee4402c1f19d6d15d8c4730", size = 20503, upload-time = "2025-10-18T21:55:43.219Z" }
wheels = [
    { url = "https://files.pythonhosted.org/packages/cb/b1/3846dd7f199d53cb17f49cba7e651e9ce294d8497c8c150530ed11865bb8/iniconfig-2.3.0-py3-none-any.whl", hash = "sha256:f631c04d2c48c52b84d0d0549c99ff3859c98df65b3101406327ecc7d53fbf12", size = 7484, upload-time = "2025-10-18T21:55:41.639Z" },
]

[[package]]
name = "markdown-it-py"
version = "4.2.0"
source = { registry = "https://pypi.org/simple" }
dependencies = [
    { name = "mdurl" },
]
sdist = { url = "https://files.pythonhosted.org/packages/06/ff/7841249c247aa650a76b9ee4bbaeae59370dc8bfd2f6c01f3630c35eb134/markdown_it_py-4.2.0.tar.gz", hash = "sha256:04a21681d6fbb623de53f6f364d352309d4094dd4194040a10fd51833e418d49", size = 82454, upload-time = "2026-05-07T12:08:28.36Z" }
wheels = [
    { url = "https://files.pythonhosted.org/packages/b3/81/4da04ced5a082363ecfa159c010d200ecbd959ae410c10c0264a38cac0f5/markdown_it_py-4.2.0-py3-none-any.whl", hash = "sha256:9f7ebbcd14fe59494226453aed97c1070d83f8d24b6fc3a3bcf9a38092641c4a", size = 91687, upload-time = "2026-05-07T12:08:27.182Z" },
]

[[package]]
name = "mdurl"
version = "0.1.2"
source = { registry = "https://pypi.org/simple" }
sdist = { url = "https://files.pythonhosted.org/packages/d6/54/cfe61301667036ec958cb99bd3efefba235e65cdeb9c84d24a8293ba1d90/mdurl-0.1.2.tar.gz", hash = "sha256:bb413d29f5eea38f31dd4754dd7377d4465116fb207585f97bf925588687c1ba", size = 8729, upload-time = "2022-08-14T12:40:10.846Z" }
wheels = [
    { url = "https://files.pythonhosted.org/packages/b3/38/89ba8ad64ae25be8de66a6d463314cf1eb366222074cfda9ee839c56a4b4/mdurl-0.1.2-py3-none-any.whl", hash = "sha256:84008a41e51615a49fc9966191ff91509e3c40b939176e643fd50a5c2196b8f8", size = 9979, upload-time = "2022-08-14T12:40:09.779Z" },
]

[[package]]
name = "packaging"
version = "26.2"
source = { registry = "https://pypi.org/simple" }
sdist = { url = "https://files.pythonhosted.org/packages/d7/f1/e7a6dd94a8d4a5626c03e4e99c87f241ba9e350cd9e6d75123f992427270/packaging-26.2.tar.gz", hash = "sha256:ff452ff5a3e828ce110190feff1178bb1f2ea2281fa2075aadb987c2fb221661", size = 228134, upload-time = "2026-04-24T20:15:23.917Z" }
wheels = [
    { url = "https://files.pythonhosted.org/packages/df/b2/87e62e8c3e2f4b32e5fe99e0b86d576da1312593b39f47d8ceef365e95ed/packaging-26.2-py3-none-any.whl", hash = "sha256:5fc45236b9446107ff2415ce77c807cee2862cb6fac22b8a73826d0693b0980e", size = 100195, upload-time = "2026-04-24T20:15:22.081Z" },
]

[[package]]
name = "pluggy"
version = "1.6.0"
source = { registry = "https://pypi.org/simple" }
sdist = { url = "https://files.pythonhosted.org/packages/f9/e2/3e91f31a7d2b083fe6ef3fa267035b518369d9511ffab804f839851d2779/pluggy-1.6.0.tar.gz", hash = "sha256:7dcc130b76258d33b90f61b658791dede3486c3e6bfb003ee5c9bfb396dd22f3", size = 69412, upload-time = "2025-05-15T12:30:07.975Z" }
wheels = [
    { url = "https://files.pythonhosted.org/packages/54/20/4d324d65cc6d9205fabedc306948156824eb9f0ee1633355a8f7ec5c66bf/pluggy-1.6.0-py3-none-any.whl", hash = "sha256:e920276dd6813095e9377c0bc5566d94c932c33b27a3e3945d8389c374dd4746", size = 20538, upload-time = "2025-05-15T12:30:06.134Z" },
]

[[package]]
name = "pygments"
version = "2.20.0"
source = { registry = "https://pypi.org/simple" }
sdist = { url = "https://files.pythonhosted.org/packages/c3/b2/bc9c9196916376152d655522fdcebac55e66de6603a76a02bca1b6414f6c/pygments-2.20.0.tar.gz", hash = "sha256:6757cd03768053ff99f3039c1a36d6c0aa0b263438fcab17520b30a303a82b5f", size = 4955991, upload-time = "2026-03-29T13:29:33.898Z" }
wheels = [
    { url = "https://files.pythonhosted.org/packages/f4/7e/a72dd26f3b0f4f2bf1dd8923c85f7ceb43172af56d63c7383eb62b332364/pygments-2.20.0-py3-none-any.whl", hash = "sha256:81a9e26dd42fd28a23a2d169d86d7ac03b46e2f8b59ed4698fb4785f946d0176", size = 1231151, upload-time = "2026-03-29T13:29:30.038Z" },
]

[[package]]
name = "pytest"
version = "9.0.3"
source = { registry = "https://pypi.org/simple" }
dependencies = [
    { name = "colorama", marker = "sys_platform == 'win32'" },
    { name = "iniconfig" },
    { name = "packaging" },
    { name = "pluggy" },
    { name = "pygments" },
]
sdist = { url = "https://files.pythonhosted.org/packages/7d/0d/549bd94f1a0a402dc8cf64563a117c0f3765662e2e668477624baeec44d5/pytest-9.0.3.tar.gz", hash = "sha256:b86ada508af81d19edeb213c681b1d48246c1a91d304c6c81a427674c17eb91c", size = 1572165, upload-time = "2026-04-07T17:16:18.027Z" }
wheels = [
    { url = "https://files.pythonhosted.org/packages/d4/24/a372aaf5c9b7208e7112038812994107bc65a84cd00e0354a88c2c77a617/pytest-9.0.3-py3-none-any.whl", hash = "sha256:2c5efc453d45394fdd706ade797c0a81091eccd1d6e4bccfcd476e2b8e0ab5d9", size = 375249, upload-time = "2026-04-07T17:16:16.13Z" },
]

[[package]]
name = "rich"
version = "15.0.0"
source = { registry = "https://pypi.org/simple" }
dependencies = [
    { name = "markdown-it-py" },
    { name = "pygments" },
]
sdist = { url = "https://files.pythonhosted.org/packages/c0/8f/0722ca900cc807c13a6a0c696dacf35430f72e0ec571c4275d2371fca3e9/rich-15.0.0.tar.gz", hash = "sha256:edd07a4824c6b40189fb7ac9bc4c52536e9780fbbfbddf6f1e2502c31b068c36", size = 230680, upload-time = "2026-04-12T08:24:00.75Z" }
wheels = [
    { url = "https://files.pythonhosted.org/packages/82/3b/64d4899d73f91ba49a8c18a8ff3f0ea8f1c1d75481760df8c68ef5235bf5/rich-15.0.0-py3-none-any.whl", hash = "sha256:33bd4ef74232fb73fe9279a257718407f169c09b78a87ad3d296f548e27de0bb", size = 310654, upload-time = "2026-04-12T08:24:02.83Z" },
]

[[package]]
name = "selectolax"
version = "0.4.10"
source = { registry = "https://pypi.org/simple" }
sdist = { url = "https://files.pythonhosted.org/packages/47/df/d19f9b47eb6c1aa0ddf95259c757c018c39682facb569e81c23e173bbf35/selectolax-0.4.10.tar.gz", hash = "sha256:89764b4d1e32d38e635dfb270a639fc707af4315b863fd161357a517321e5046", size = 4880217, upload-time = "2026-05-26T15:43:06.411Z" }
wheels = [
    { url = "https://files.pythonhosted.org/packages/5f/21/e48766fb5f921d4a84456a87135a0605d72678753b912be3fd25344f104d/selectolax-0.4.10-cp314-cp314-macosx_10_13_x86_64.whl", hash = "sha256:a95f67ed9d5947562e9268332cc7165660c7db0cd3faea959e13b6901b4d323f", size = 2256784, upload-time = "2026-05-26T15:42:22.946Z" },
    { url = "https://files.pythonhosted.org/packages/df/a5/121f398a2ff01a5947b5601ed16f99e29771dbc21b23b18c8f4527f99a40/selectolax-0.4.10-cp314-cp314-macosx_11_0_arm64.whl", hash = "sha256:01c1354b158f8c87b72ab50a12b4b6d7b276150ded39210d1078d65d1e24ae0d", size = 2308754, upload-time = "2026-05-26T15:42:24.897Z" },
    { url = "https://files.pythonhosted.org/packages/5b/65/3cef0d30585e22c808bc09848e318ccf30b3d00a9123e66ec3d5eb5e5899/selectolax-0.4.10-cp314-cp314-manylinux2014_aarch64.manylinux_2_17_aarch64.manylinux_2_28_aarch64.whl", hash = "sha256:d60cabbf1899916a6389fa36f2908b1a76e00dd044f710ae3dd2d0b14919dfc7", size = 2374320, upload-time = "2026-05-26T15:42:26.771Z" },
    { url = "https://files.pythonhosted.org/packages/4c/63/99e3598c137d638ff67aba0b53d99649e560c04230c838776328be98fd64/selectolax-0.4.10-cp314-cp314-manylinux2014_x86_64.manylinux_2_17_x86_64.manylinux_2_28_x86_64.whl", hash = "sha256:ab8f95b196b2dfb2be3ea7274673d45bb251ec2e16a0e7a3c1fc21c1c20d0722", size = 2420463, upload-time = "2026-05-26T15:42:28.328Z" },
    { url = "https://files.pythonhosted.org/packages/b3/a9/c17ed28a06b6f9214845719c8fd73edfa21013cd03da31ce9a2d83951259/selectolax-0.4.10-cp314-cp314-musllinux_1_2_aarch64.whl", hash = "sha256:a96d59ba2a8ba01e4f732913816f5684d30d0646b7cd0fa17377fc9d1032cc0d", size = 2395397, upload-time = "2026-05-26T15:42:29.774Z" },
    { url = "https://files.pythonhosted.org/packages/14/60/b1bd8724aa041b233a32d9eba3135fd7d4f285b1f216c39b5ba7263680d4/selectolax-0.4.10-cp314-cp314-musllinux_1_2_x86_64.whl", hash = "sha256:794a10f0c2cb9662ad85c5a970a72ca072057d68f7f0b3cf7b3230e5f2a8f221", size = 2458486, upload-time = "2026-05-26T15:42:31.592Z" },
    { url = "https://files.pythonhosted.org/packages/04/7d/a964ceb566a6042170bbb42bd4f22117a13afe15db285c0ab858477c5963/selectolax-0.4.10-cp314-cp314-win32.whl", hash = "sha256:5d5b5437ce7548e7bc0b7712114de07dd0e4f94a30b06c968a6344148621df50", size = 1875157, upload-time = "2026-05-26T15:42:32.959Z" },
    { url = "https://files.pythonhosted.org/packages/7b/e1/0a1f9004a48d1229d90ea42efcd9093688c3afc852c2d122245c499e5821/selectolax-0.4.10-cp314-cp314-win_amd64.whl", hash = "sha256:ab07fc342cf477c0320d22fac52917b824871caf5ab177a0fd94377a901ab657", size = 1970092, upload-time = "2026-05-26T15:42:34.325Z" },
    { url = "https://files.pythonhosted.org/packages/f4/71/1a1d8196ffa9fc84c64a66294ef1ecdbb9951c7a04b9bb6c6d224d776712/selectolax-0.4.10-cp314-cp314-win_arm64.whl", hash = "sha256:8b57c64690e3c86b5d07386e2e598f4d3b4990144b1d5717db7038d0b675a97e", size = 1920951, upload-time = "2026-05-26T15:42:35.627Z" },
    { url = "https://files.pythonhosted.org/packages/0a/9b/74df013d85601d21c5e79682576ead17abe660ffce39a6fb7c300494f829/selectolax-0.4.10-cp314-cp314t-macosx_10_13_x86_64.whl", hash = "sha256:3c21749e3d252419581160f3a3e43c1ad95dd0f83a13fe0d8c8fe6256bf7bbe6", size = 2272452, upload-time = "2026-05-26T15:42:37.379Z" },
    { url = "https://files.pythonhosted.org/packages/9f/a4/c4f94d1ae0d3da58a3dc410d0c59a8e37429c74b38287a2ab0ed0480123d/selectolax-0.4.10-cp314-cp314t-macosx_11_0_arm64.whl", hash = "sha256:88475ef523fe5426d113e8319eeb741806a51cc025840f337661734c65cf1aa4", size = 2318066, upload-time = "2026-05-26T15:42:39.203Z" },
    { url = "https://files.pythonhosted.org/packages/b5/9e/f977b33c18e8957fca9fcbdf445e5501a7dd1afd57b3fc15d07de249e6fc/selectolax-0.4.10-cp314-cp314t-manylinux2014_aarch64.manylinux_2_17_aarch64.manylinux_2_28_aarch64.whl", hash = "sha256:40ecd0ff315dffa4a55840107367b0a54f2cd35be66e700c619364e0cd087ace", size = 2379516, upload-time = "2026-05-26T15:42:40.8Z" },
    { url = "https://files.pythonhosted.org/packages/43/4a/3f086f729dd47423719e5101f64342bd637e4420b0dafb3e5df61a9b37c8/selectolax-0.4.10-cp314-cp314t-manylinux2014_x86_64.manylinux_2_17_x86_64.manylinux_2_28_x86_64.whl", hash = "sha256:b3d199a73894368b83e5d744f64bddf80c22a37c160253a8e81c1a6000be607b", size = 2430207, upload-time = "2026-05-26T15:42:42.751Z" },
    { url = "https://files.pythonhosted.org/packages/84/9d/51a5283bb95c679448bc5d3e1da9a00ebd5e3ad983e2247d1a1190ef3ba6/selectolax-0.4.10-cp314-cp314t-musllinux_1_2_aarch64.whl", hash = "sha256:4b0e1ad8b3d3d11bc173d33bb0fcf9d3ef8c667f1f3debd31ac8e9e3880ee174", size = 2404374, upload-time = "2026-05-26T15:42:44.835Z" },
    { url = "https://files.pythonhosted.org/packages/b4/2b/39cc5599b5531423a4eb68510a395baf8ce8ba9c3655dd86e7b4bc6140ba/selectolax-0.4.10-cp314-cp314t-musllinux_1_2_x86_64.whl", hash = "sha256:373298d5c2e22a73740ba8f60a5813fd6bdb8fa2c0fd170841341ad0119bdf6b", size = 2466741, upload-time = "2026-05-26T15:42:46.492Z" },
    { url = "https://files.pythonhosted.org/packages/fb/7f/b20bb6b03b5cf8e9ff6d524796942291d9157ccfcdbf6bcc5fc322fd2d2b/selectolax-0.4.10-cp314-cp314t-win32.whl", hash = "sha256:67f826152635521e1751665e315f3be82d027fe79d6446bf8434e0f7069e55db", size = 1923995, upload-time = "2026-05-26T15:42:48.041Z" },
    { url = "https://files.pythonhosted.org/packages/5b/e5/8fbe188c6c2aa41e10bd83b46e0498b60ed36584f9ce0a7796ca7f7cd34e/selectolax-0.4.10-cp314-cp314t-win_amd64.whl", hash = "sha256:9c4c9afbd28b81892806e9699ecd323656e1eff7318c1245e80cd6bb78566a99", size = 2039696, upload-time = "2026-05-26T15:42:49.456Z" },
    { url = "https://files.pythonhosted.org/packages/1b/02/e511474facfd324529509626097f981986b7adc935fb4eb436c0812c540f/selectolax-0.4.10-cp314-cp314t-win_arm64.whl", hash = "sha256:68e1ef717b47f5cdcd1b151b2176d7184c38cb3772f8964509979840575203ef", size = 1944297, upload-time = "2026-05-26T15:42:50.906Z" },
]
